github.com/a-h/templ v0.3.906 h1:ZUThc8Q9n04UATaCwaG60pB1AqbulLmYEAMnWV63svg=
github.com/a-h/templ v0.3.906/go.mod h1:FFAu4dI//ESmEN7PQkJ7E7QfnSEMdcnu7QrAY8Dn334=
github.com/expr-lang/expr v1.17.5 h1:i1WrMvcdLF249nSNlpQZN1S6NXuW9WaOfF5tPi3aw3k=
github.com/expr-lang/expr v1.17.5/go.mod h1:8/vRC7+7HBzESEqt5kKpYXxrxkr31SaO8r40VO/1IT4=
